Microsoft Visual Studio Solution File, Format Version 12.00
# Visual Studio Version 17
VisualStudioVersion = 17.5.2.0
MinimumVisualStudioVersion = 10.0.40219.1
Project("{2150E333-8FDC-42A3-9474-1A3956D46DE8}") = "dotnet", "dotnet", "{71E6E750-85FD-B5BC-4321-E01377EC6231}"
EndProject
Project("{2150E333-8FDC-42A3-9474-1A3956D46DE8}") = "warm-up", "warm-up", "{6EF78026-B5A5-3326-798F-EE6FEDD332B7}"
EndProject
Project("{2150E333-8FDC-42A3-9474-1A3956D46DE8}") = "ConsoleConsumer", "ConsoleConsumer", "{D23D31F6-77DA-62BB-782A-0085794F1FC8}"
EndProject
Project("{FAE04EC0-301F-11D3-BF4B-00C04F79EFBC}") = "Console.Docker", "dotnet\warm-up\ConsoleConsumer\Console.Docker.csproj", "{F2A0EDB0-947C-2E04-83BA-C9D846A3590C}"
EndProject
Project("{2150E333-8FDC-42A3-9474-1A3956D46DE8}") = "Console", "Console", "{13A694EB-0CF5-E061-2611-75C8FB1DEB1F}"
EndProject
Project("{FAE04EC0-301F-11D3-BF4B-00C04F79EFBC}") = "Console.Docker", "dotnet\warm-up\Console\Console.Docker.csproj", "{E851BA43-80D8-7DE5-BC82-33558DADF72F}"
EndProject
Global
	GlobalSection(SolutionConfigurationPlatforms) = preSolution
		Debug|Any CPU = Debug|Any CPU
		Release|Any CPU = Release|Any CPU
	EndGlobalSection
	GlobalSection(ProjectConfigurationPlatforms) = postSolution
		{F2A0EDB0-947C-2E04-83BA-C9D846A3590C}.Debug|Any CPU.ActiveCfg = Debug|Any CPU
		{F2A0EDB0-947C-2E04-83BA-C9D846A3590C}.Debug|Any CPU.Build.0 = Debug|Any CPU
		{F2A0EDB0-947C-2E04-83BA-C9D846A3590C}.Release|Any CPU.ActiveCfg = Release|Any CPU
		{F2A0EDB0-947C-2E04-83BA-C9D846A3590C}.Release|Any CPU.Build.0 = Release|Any CPU
		{E851BA43-80D8-7DE5-BC82-33558DADF72F}.Debug|Any CPU.ActiveCfg = Debug|Any CPU
		{E851BA43-80D8-7DE5-BC82-33558DADF72F}.Debug|Any CPU.Build.0 = Debug|Any CPU
		{E851BA43-80D8-7DE5-BC82-33558DADF72F}.Release|Any CPU.ActiveCfg = Release|Any CPU
		{E851BA43-80D8-7DE5-BC82-33558DADF72F}.Release|Any CPU.Build.0 = Release|Any CPU
	EndGlobalSection
	GlobalSection(SolutionProperties) = preSolution
		HideSolutionNode = FALSE
	EndGlobalSection
	GlobalSection(NestedProjects) = preSolution
		{6EF78026-B5A5-3326-798F-EE6FEDD332B7} = {71E6E750-85FD-B5BC-4321-E01377EC6231}
		{D23D31F6-77DA-62BB-782A-0085794F1FC8} = {6EF78026-B5A5-3326-798F-EE6FEDD332B7}
		{F2A0EDB0-947C-2E04-83BA-C9D846A3590C} = {D23D31F6-77DA-62BB-782A-0085794F1FC8}
		{13A694EB-0CF5-E061-2611-75C8FB1DEB1F} = {6EF78026-B5A5-3326-798F-EE6FEDD332B7}
		{E851BA43-80D8-7DE5-BC82-33558DADF72F} = {13A694EB-0CF5-E061-2611-75C8FB1DEB1F}
	EndGlobalSection
	GlobalSection(ExtensibilityGlobals) = postSolution
		SolutionGuid = {425339BD-62D7-487A-B761-38B181A62D35}
	EndGlobalSection
EndGlobal
